
Microsoft Visual Studio Solution File, Format Version 12.00
# Visual Studio Version 17
VisualStudioVersion = 17.6.33815.320
MinimumVisualStudioVersion = 10.0.40219.1
Project("{FAE04EC0-301F-11D3-BF4B-00C04F79EFBC}") = "Advent2023_4", "Advent2023_4.csproj", "{DE33B29A-DFEE-4803-BBD4-FFB08CC6B1FF}"
EndProject
Global
	GlobalSection(SolutionConfigurationPlatforms) = preSolution
		Debug|Any CPU = Debug|Any CPU
		Release|Any CPU = Release|Any CPU
	EndGlobalSection
	GlobalSection(ProjectConfigurationPlatforms) = postSolution
		{DE33B29A-DFEE-4803-BBD4-FFB08CC6B1FF}.Debug|Any CPU.ActiveCfg = Debug|Any CPU
		{DE33B29A-DFEE-4803-BBD4-FFB08CC6B1FF}.Debug|Any CPU.Build.0 = Debug|Any CPU
		{DE33B29A-DFEE-4803-BBD4-FFB08CC6B1FF}.Release|Any CPU.ActiveCfg = Release|Any CPU
		{DE33B29A-DFEE-4803-BBD4-FFB08CC6B1FF}.Release|Any CPU.Build.0 = Release|Any CPU
	EndGlobalSection
	GlobalSection(SolutionProperties) = preSolution
		HideSolutionNode = FALSE
	EndGlobalSection
	GlobalSection(ExtensibilityGlobals) = postSolution
		SolutionGuid = {26D49432-08F0-4ED9-A782-9588E6734A72}
	EndGlobalSection
EndGlobal
